<?xml version="1.0" encoding="UTF-8" standalone="yes" ?>
<CodeBlocks_project_file>
	<FileVersion major="1" minor="6" />
	<Project>
		<Option title="DLL" />
		<Option pch_mode="2" />
		<Option compiler="gcc" />
		<Build>
			<Target title="Debug Win32">
				<Option output="$(SolutionDir)Lib/$(SolutionName)_DLL_vc9_Debug Win32_Win32" prefix_auto="1" extension_auto="1" />
				<Option object_output="Win32/Debug Win32" />
				<Option type="3" />
				<Option compiler="gcc" />
				<Option createDefFile="1" />
				<Option createStaticLib="1" />
				<Compiler>
					<Add option="-D_CRT_SECURE_NO_DEPRECATE" />
					<Add option="-DWIN32" />
					<Add option="-D_DEBUG" />
					<Add option="-D_RAKNET_DLL" />
					<Add option="-D_CRT_NONSTDC_NO_DEPRECATE" />
					<Add option="-Wall" />
					<Add option="-g" />
					<Add option="-O0" />
					<Add directory="./../../Source" />
					<Add directory="./../../DependentExtensions/openssl-1.0.0d/include" />
					<Add directory="./../../DependentExtensions" />
				</Compiler>
				<ResourceCompiler>
					<Add directory="./../../Source" />
					<Add directory="./../../DependentExtensions/openssl-1.0.0d/include" />
					<Add directory="./../../DependentExtensions" />
				</ResourceCompiler>
				<Linker>
					<Add library="ws2_32" />
				</Linker>
			</Target>
			<Target title="Debug x64">
				<Option output="$(SolutionDir)Lib/$(SolutionName)_DLL_vc9_Debug x64_Win32" prefix_auto="1" extension_auto="1" />
				<Option object_output="Win32/Debug x64" />
				<Option type="3" />
				<Option compiler="gcc" />
				<Option createDefFile="1" />
				<Option createStaticLib="1" />
				<Compiler>
					<Add option="-D_CRT_SECURE_NO_DEPRECATE" />
					<Add option="-DWIN32" />
					<Add option="-D_DEBUG" />
					<Add option="-D_RAKNET_DLL" />
					<Add option="-D_CRT_NONSTDC_NO_DEPRECATE" />
					<Add option="-Wall" />
					<Add option="-O0" />
					<Add directory="./../../Source" />
					<Add directory="./../../DependentExtensions/openssl-1.0.0d/include" />
					<Add directory="./../../DependentExtensions" />
				</Compiler>
				<ResourceCompiler>
					<Add directory="./../../Source" />
					<Add directory="./../../DependentExtensions/openssl-1.0.0d/include" />
					<Add directory="./../../DependentExtensions" />
				</ResourceCompiler>
				<Linker>
					<Add library="ws2_32" />
				</Linker>
			</Target>
			<Target title="Release Win32">
				<Option output="$(SolutionDir)Lib/RakNet" prefix_auto="1" extension_auto="1" />
				<Option object_output="Win32/Release Win32" />
				<Option type="3" />
				<Option compiler="gcc" />
				<Option createDefFile="1" />
				<Option createStaticLib="1" />
				<Compiler>
					<Add option="-D_CRT_SECURE_NO_DEPRECATE" />
					<Add option="-DWIN32" />
					<Add option="-D_RELEASE" />
					<Add option="-D_RAKNET_DLL" />
					<Add option="-D_CRT_NONSTDC_NO_DEPRECATE" />
					<Add option="-W" />
					<Add directory="./../../Source" />
					<Add directory="./../../DependentExtensions/openssl-1.0.0d/include" />
					<Add directory="./../../DependentExtensions" />
				</Compiler>
				<ResourceCompiler>
					<Add directory="./../../Source" />
					<Add directory="./../../DependentExtensions/openssl-1.0.0d/include" />
					<Add directory="./../../DependentExtensions" />
				</ResourceCompiler>
				<Linker>
					<Add library="ws2_32" />
				</Linker>
			</Target>
			<Target title="Release x64">
				<Option output="$(SolutionDir)Lib/$(SolutionName)_DLL_vc9_Release x64_Win32" prefix_auto="1" extension_auto="1" />
				<Option object_output="Win32/Release x64" />
				<Option type="3" />
				<Option compiler="gcc" />
				<Option createDefFile="1" />
				<Option createStaticLib="1" />
				<Compiler>
					<Add option="-D_CRT_SECURE_NO_DEPRECATE" />
					<Add option="-DWIN32" />
					<Add option="-D_RELEASE" />
					<Add option="-D_RAKNET_DLL" />
					<Add option="-D_CRT_NONSTDC_NO_DEPRECATE" />
					<Add option="-W" />
					<Add directory="./../../Source" />
					<Add directory="./../../DependentExtensions/openssl-1.0.0d/include" />
					<Add directory="./../../DependentExtensions" />
				</Compiler>
				<ResourceCompiler>
					<Add directory="./../../Source" />
					<Add directory="./../../DependentExtensions/openssl-1.0.0d/include" />
					<Add directory="./../../DependentExtensions" />
				</ResourceCompiler>
				<Linker>
					<Add library="ws2_32" />
				</Linker>
			</Target>
		</Build>
		<Unit filename="../../Source/AutopatcherPatchContext.h" />
		<Unit filename="../../Source/AutopatcherRepositoryInterface.h" />
		<Unit filename="../../Source/Base64Encoder.cpp" />
		<Unit filename="../../Source/Base64Encoder.h" />
		<Unit filename="../../Source/BitStream.cpp" />
		<Unit filename="../../Source/BitStream.h" />
		<Unit filename="../../Source/CCRakNetSlidingWindow.cpp" />
		<Unit filename="../../Source/CCRakNetSlidingWindow.h" />
		<Unit filename="../../Source/CCRakNetUDT.cpp" />
		<Unit filename="../../Source/CCRakNetUDT.h" />
		<Unit filename="../../Source/CheckSum.cpp" />
		<Unit filename="../../Source/CheckSum.h" />
		<Unit filename="../../Source/CloudClient.cpp" />
		<Unit filename="../../Source/CloudClient.h" />
		<Unit filename="../../Source/CloudCommon.cpp" />
		<Unit filename="../../Source/CloudCommon.h" />
		<Unit filename="../../Source/CloudServer.cpp" />
		<Unit filename="../../Source/CloudServer.h" />
		<Unit filename="../../Source/CommandParserInterface.cpp" />
		<Unit filename="../../Source/CommandParserInterface.h" />
		<Unit filename="../../Source/ConnectionGraph2.cpp" />
		<Unit filename="../../Source/ConnectionGraph2.h" />
		<Unit filename="../../Source/ConsoleServer.cpp" />
		<Unit filename="../../Source/ConsoleServer.h" />
		<Unit filename="../../Source/DR_SHA1.cpp" />
		<Unit filename="../../Source/DR_SHA1.h" />
		<Unit filename="../../Source/DS_BPlusTree.h" />
		<Unit filename="../../Source/DS_BinarySearchTree.h" />
		<Unit filename="../../Source/DS_BytePool.cpp" />
		<Unit filename="../../Source/DS_BytePool.h" />
		<Unit filename="../../Source/DS_ByteQueue.cpp" />
		<Unit filename="../../Source/DS_ByteQueue.h" />
		<Unit filename="../../Source/DS_Hash.h" />
		<Unit filename="../../Source/DS_Heap.h" />
		<Unit filename="../../Source/DS_HuffmanEncodingTree.cpp" />
		<Unit filename="../../Source/DS_HuffmanEncodingTree.h" />
		<Unit filename="../../Source/DS_HuffmanEncodingTreeFactory.h" />
		<Unit filename="../../Source/DS_HuffmanEncodingTreeNode.h" />
		<Unit filename="../../Source/DS_LinkedList.h" />
		<Unit filename="../../Source/DS_List.h" />
		<Unit filename="../../Source/DS_Map.h" />
		<Unit filename="../../Source/DS_MemoryPool.h" />
		<Unit filename="../../Source/DS_Multilist.h" />
		<Unit filename="../../Source/DS_OrderedChannelHeap.h" />
		<Unit filename="../../Source/DS_OrderedList.h" />
		<Unit filename="../../Source/DS_Queue.h" />
		<Unit filename="../../Source/DS_QueueLinkedList.h" />
		<Unit filename="../../Source/DS_RangeList.h" />
		<Unit filename="../../Source/DS_Table.cpp" />
		<Unit filename="../../Source/DS_Table.h" />
		<Unit filename="../../Source/DS_ThreadsafeAllocatingQueue.h" />
		<Unit filename="../../Source/DS_Tree.h" />
		<Unit filename="../../Source/DS_WeightedGraph.h" />
		<Unit filename="../../Source/DataCompressor.cpp" />
		<Unit filename="../../Source/DataCompressor.h" />
		<Unit filename="../../Source/DirectoryDeltaTransfer.cpp" />
		<Unit filename="../../Source/DirectoryDeltaTransfer.h" />
		<Unit filename="../../Source/DynDNS.cpp" />
		<Unit filename="../../Source/DynDNS.h" />
		<Unit filename="../../Source/EmailSender.cpp" />
		<Unit filename="../../Source/EmailSender.h" />
		<Unit filename="../../Source/EpochTimeToString.cpp" />
		<Unit filename="../../Source/EpochTimeToString.h" />
		<Unit filename="../../Source/Export.h" />
		<Unit filename="../../Source/FileList.cpp" />
		<Unit filename="../../Source/FileList.h" />
		<Unit filename="../../Source/FileListNodeContext.h" />
		<Unit filename="../../Source/FileListTransfer.cpp" />
		<Unit filename="../../Source/FileListTransfer.h" />
		<Unit filename="../../Source/FileListTransferCBInterface.h" />
		<Unit filename="../../Source/FileOperations.cpp" />
		<Unit filename="../../Source/FileOperations.h" />
		<Unit filename="../../Source/FormatString.cpp" />
		<Unit filename="../../Source/FormatString.h" />
		<Unit filename="../../Source/FullyConnectedMesh2.cpp" />
		<Unit filename="../../Source/FullyConnectedMesh2.h" />
		<Unit filename="../../Source/GetTime.cpp" />
		<Unit filename="../../Source/GetTime.h" />
		<Unit filename="../../Source/Getche.cpp" />
		<Unit filename="../../Source/Getche.h" />
		<Unit filename="../../Source/Gets.cpp" />
		<Unit filename="../../Source/Gets.h" />
		<Unit filename="../../Source/GridSectorizer.cpp" />
		<Unit filename="../../Source/GridSectorizer.h" />
		<Unit filename="../../Source/HTTPConnection.cpp" />
		<Unit filename="../../Source/HTTPConnection.h" />
		<Unit filename="../../Source/HTTPConnection2.cpp" />
		<Unit filename="../../Source/HTTPConnection2.h" />
		<Unit filename="../../Source/IncrementalReadInterface.cpp" />
		<Unit filename="../../Source/IncrementalReadInterface.h" />
		<Unit filename="../../Source/InternalPacket.h" />
		<Unit filename="../../Source/Itoa.cpp" />
		<Unit filename="../../Source/Itoa.h" />
		<Unit filename="../../Source/Kbhit.h" />
		<Unit filename="../../Source/LinuxStrings.cpp" />
		<Unit filename="../../Source/LinuxStrings.h" />
		<Unit filename="../../Source/LocklessTypes.cpp" />
		<Unit filename="../../Source/LocklessTypes.h" />
		<Unit filename="../../Source/LogCommandParser.cpp" />
		<Unit filename="../../Source/LogCommandParser.h" />
		<Unit filename="../../Source/MTUSize.h" />
		<Unit filename="../../Source/MessageFilter.cpp" />
		<Unit filename="../../Source/MessageFilter.h" />
		<Unit filename="../../Source/MessageIdentifiers.h" />
		<Unit filename="../../Source/NatPunchthroughClient.cpp" />
		<Unit filename="../../Source/NatPunchthroughClient.h" />
		<Unit filename="../../Source/NatPunchthroughServer.cpp" />
		<Unit filename="../../Source/NatPunchthroughServer.h" />
		<Unit filename="../../Source/NatTypeDetectionClient.cpp" />
		<Unit filename="../../Source/NatTypeDetectionClient.h" />
		<Unit filename="../../Source/NatTypeDetectionCommon.cpp" />
		<Unit filename="../../Source/NatTypeDetectionCommon.h" />
		<Unit filename="../../Source/NatTypeDetectionServer.cpp" />
		<Unit filename="../../Source/NatTypeDetectionServer.h" />
		<Unit filename="../../Source/NativeFeatureIncludes.h" />
		<Unit filename="../../Source/NativeFeatureIncludesOverrides.h" />
		<Unit filename="../../Source/NativeTypes.h" />
		<Unit filename="../../Source/NetworkIDManager.cpp" />
		<Unit filename="../../Source/NetworkIDManager.h" />
		<Unit filename="../../Source/NetworkIDObject.cpp" />
		<Unit filename="../../Source/NetworkIDObject.h" />
		<Unit filename="../../Source/PS3Includes.h" />
		<Unit filename="../../Source/PS4Includes.cpp" />
		<Unit filename="../../Source/PacketConsoleLogger.cpp" />
		<Unit filename="../../Source/PacketConsoleLogger.h" />
		<Unit filename="../../Source/PacketFileLogger.cpp" />
		<Unit filename="../../Source/PacketFileLogger.h" />
		<Unit filename="../../Source/PacketLogger.cpp" />
		<Unit filename="../../Source/PacketLogger.h" />
		<Unit filename="../../Source/PacketOutputWindowLogger.cpp" />
		<Unit filename="../../Source/PacketOutputWindowLogger.h" />
		<Unit filename="../../Source/PacketPool.h" />
		<Unit filename="../../Source/PacketPriority.h" />
		<Unit filename="../../Source/PacketizedTCP.cpp" />
		<Unit filename="../../Source/PacketizedTCP.h" />
		<Unit filename="../../Source/PluginInterface2.cpp" />
		<Unit filename="../../Source/PluginInterface2.h" />
		<Unit filename="../../Source/RPC4Plugin.cpp" />
		<Unit filename="../../Source/RPC4Plugin.h" />
		<Unit filename="../../Source/Rackspace.cpp" />
		<Unit filename="../../Source/Rackspace.h" />
		<Unit filename="../../Source/RakAlloca.h" />
		<Unit filename="../../Source/RakAssert.h" />
		<Unit filename="../../Source/RakMemoryOverride.cpp" />
		<Unit filename="../../Source/RakMemoryOverride.h" />
		<Unit filename="../../Source/RakNetCommandParser.cpp" />
		<Unit filename="../../Source/RakNetCommandParser.h" />
		<Unit filename="../../Source/RakNetDefines.h" />
		<Unit filename="../../Source/RakNetDefinesOverrides.h" />
		<Unit filename="../../Source/RakNetSmartPtr.h" />
		<Unit filename="../../Source/RakNetSocket.cpp" />
		<Unit filename="../../Source/RakNetSocket.h" />
		<Unit filename="../../Source/RakNetSocket2.cpp" />
		<Unit filename="../../Source/RakNetSocket2.h" />
		<Unit filename="../../Source/RakNetSocket2_360_720.cpp" />
		<Unit filename="../../Source/RakNetSocket2_Berkley.cpp" />
		<Unit filename="../../Source/RakNetSocket2_Berkley_NativeClient.cpp" />
		<Unit filename="../../Source/RakNetSocket2_NativeClient.cpp" />
		<Unit filename="../../Source/RakNetSocket2_PS3_PS4.cpp" />
		<Unit filename="../../Source/RakNetSocket2_PS4.cpp" />
		<Unit filename="../../Source/RakNetSocket2_Vita.cpp" />
		<Unit filename="../../Source/RakNetSocket2_WindowsStore8.cpp" />
		<Unit filename="../../Source/RakNetSocket2_Windows_Linux.cpp" />
		<Unit filename="../../Source/RakNetSocket2_Windows_Linux_360.cpp" />
		<Unit filename="../../Source/RakNetStatistics.cpp" />
		<Unit filename="../../Source/RakNetStatistics.h" />
		<Unit filename="../../Source/RakNetTime.h" />
		<Unit filename="../../Source/RakNetTransport2.cpp" />
		<Unit filename="../../Source/RakNetTransport2.h" />
		<Unit filename="../../Source/RakNetTypes.cpp" />
		<Unit filename="../../Source/RakNetTypes.h" />
		<Unit filename="../../Source/RakNetVersion.h" />
		<Unit filename="../../Source/RakPeer.cpp" />
		<Unit filename="../../Source/RakPeer.h" />
		<Unit filename="../../Source/RakPeerInterface.h" />
		<Unit filename="../../Source/RakSleep.cpp" />
		<Unit filename="../../Source/RakSleep.h" />
		<Unit filename="../../Source/RakString.cpp" />
		<Unit filename="../../Source/RakString.h" />
		<Unit filename="../../Source/RakThread.cpp" />
		<Unit filename="../../Source/RakThread.h" />
		<Unit filename="../../Source/RakWString.cpp" />
		<Unit filename="../../Source/RakWString.h" />
		<Unit filename="../../Source/Rand.cpp" />
		<Unit filename="../../Source/Rand.h" />
		<Unit filename="../../Source/RandSync.cpp" />
		<Unit filename="../../Source/ReadyEvent.cpp" />
		<Unit filename="../../Source/ReadyEvent.h" />
		<Unit filename="../../Source/RefCountedObj.h" />
		<Unit filename="../../Source/RelayPlugin.cpp" />
		<Unit filename="../../Source/RelayPlugin.h" />
		<Unit filename="../../Source/ReliabilityLayer.cpp" />
		<Unit filename="../../Source/ReliabilityLayer.h" />
		<Unit filename="../../Source/ReplicaEnums.h" />
		<Unit filename="../../Source/ReplicaManager3.cpp" />
		<Unit filename="../../Source/ReplicaManager3.h" />
		<Unit filename="../../Source/Router2.cpp" />
		<Unit filename="../../Source/Router2.h" />
		<Unit filename="../../Source/SecureHandshake.cpp" />
		<Unit filename="../../Source/SecureHandshake.h" />
		<Unit filename="../../Source/SendToThread.cpp" />
		<Unit filename="../../Source/SendToThread.h" />
		<Unit filename="../../Source/SignaledEvent.cpp" />
		<Unit filename="../../Source/SignaledEvent.h" />
		<Unit filename="../../Source/SimpleMutex.cpp" />
		<Unit filename="../../Source/SimpleMutex.h" />
		<Unit filename="../../Source/SimpleTCPServer.h" />
		<Unit filename="../../Source/SingleProducerConsumer.h" />
		<Unit filename="../../Source/SocketDefines.h" />
		<Unit filename="../../Source/SocketIncludes.h" />
		<Unit filename="../../Source/SocketLayer.cpp" />
		<Unit filename="../../Source/SocketLayer.h" />
		<Unit filename="../../Source/StatisticsHistory.cpp" />
		<Unit filename="../../Source/StatisticsHistory.h" />
		<Unit filename="../../Source/StringCompressor.cpp" />
		<Unit filename="../../Source/StringCompressor.h" />
		<Unit filename="../../Source/StringTable.cpp" />
		<Unit filename="../../Source/StringTable.h" />
		<Unit filename="../../Source/SuperFastHash.cpp" />
		<Unit filename="../../Source/SuperFastHash.h" />
		<Unit filename="../../Source/TCPInterface.cpp" />
		<Unit filename="../../Source/TCPInterface.h" />
		<Unit filename="../../Source/TableSerializer.cpp" />
		<Unit filename="../../Source/TableSerializer.h" />
		<Unit filename="../../Source/TeamBalancer.cpp" />
		<Unit filename="../../Source/TeamBalancer.h" />
		<Unit filename="../../Source/TeamManager.cpp" />
		<Unit filename="../../Source/TeamManager.h" />
		<Unit filename="../../Source/TelnetTransport.cpp" />
		<Unit filename="../../Source/TelnetTransport.h" />
		<Unit filename="../../Source/ThreadPool.h" />
		<Unit filename="../../Source/ThreadsafePacketLogger.cpp" />
		<Unit filename="../../Source/ThreadsafePacketLogger.h" />
		<Unit filename="../../Source/TransportInterface.h" />
		<Unit filename="../../Source/TwoWayAuthentication.cpp" />
		<Unit filename="../../Source/TwoWayAuthentication.h" />
		<Unit filename="../../Source/UDPForwarder.cpp" />
		<Unit filename="../../Source/UDPForwarder.h" />
		<Unit filename="../../Source/UDPProxyClient.cpp" />
		<Unit filename="../../Source/UDPProxyClient.h" />
		<Unit filename="../../Source/UDPProxyCommon.h" />
		<Unit filename="../../Source/UDPProxyCoordinator.cpp" />
		<Unit filename="../../Source/UDPProxyCoordinator.h" />
		<Unit filename="../../Source/UDPProxyServer.cpp" />
		<Unit filename="../../Source/UDPProxyServer.h" />
		<Unit filename="../../Source/VariableDeltaSerializer.cpp" />
		<Unit filename="../../Source/VariableDeltaSerializer.h" />
		<Unit filename="../../Source/VariableListDeltaTracker.cpp" />
		<Unit filename="../../Source/VariableListDeltaTracker.h" />
		<Unit filename="../../Source/VariadicSQLParser.cpp" />
		<Unit filename="../../Source/VariadicSQLParser.h" />
		<Unit filename="../../Source/VitaIncludes.cpp" />
		<Unit filename="../../Source/VitaIncludes.h" />
		<Unit filename="../../Source/WSAStartupSingleton.cpp" />
		<Unit filename="../../Source/WSAStartupSingleton.h" />
		<Unit filename="../../Source/WindowsIncludes.h" />
		<Unit filename="../../Source/XBox360Includes.h" />
		<Unit filename="../../Source/_FindFirst.cpp" />
		<Unit filename="../../Source/_FindFirst.h" />
		<Unit filename="../../Source/gettimeofday.cpp" />
		<Unit filename="../../Source/gettimeofday.h" />
		<Unit filename="readme.txt" />
		<Extensions>
			<code_completion />
			<envvars />
			<debugger />
			<lib_finder disable_auto="1" />
		</Extensions>
	</Project>
</CodeBlocks_project_file>
